
Microsoft Visual Studio Solution File, Format Version 12.00
# Visual Studio Version 17
VisualStudioVersion = 17.8.34316.72
MinimumVisualStudioVersion = 10.0.40219.1
Project("{FAE04EC0-301F-11D3-BF4B-00C04F79EFBC}") = "JogoDaForca", "JogoDaForca\JogoDaForca.csproj", "{F020D39A-3754-42E9-B02E-ADA81CC8E225}"
EndProject
Global
	GlobalSection(SolutionConfigurationPlatforms) = preSolution
		Debug|Any CPU = Debug|Any CPU
		Release|Any CPU = Release|Any CPU
	EndGlobalSection
	GlobalSection(ProjectConfigurationPlatforms) = postSolution
		{F020D39A-3754-42E9-B02E-ADA81CC8E225}.Debug|Any CPU.ActiveCfg = Debug|Any CPU
		{F020D39A-3754-42E9-B02E-ADA81CC8E225}.Debug|Any CPU.Build.0 = Debug|Any CPU
		{F020D39A-3754-42E9-B02E-ADA81CC8E225}.Release|Any CPU.ActiveCfg = Release|Any CPU
		{F020D39A-3754-42E9-B02E-ADA81CC8E225}.Release|Any CPU.Build.0 = Release|Any CPU
	EndGlobalSection
	GlobalSection(SolutionProperties) = preSolution
		HideSolutionNode = FALSE
	EndGlobalSection
	GlobalSection(ExtensibilityGlobals) = postSolution
		SolutionGuid = {73BF2C30-B298-4760-BD0D-CD38C71A9984}
	EndGlobalSection
EndGlobal
